{
  "nodes": {
    "flake-compat": {
      "flake": false,
      "locked": {
        "lastModified": 1696426674,
        "narHash": "sha256-kvjfFW7WAETZlt09AgDn1MrtKzP7t90Vf7vypd3OL1U=",
        "owner": "edolstra",
        "repo": "flake-compat",
        "rev": "0f9255e01c2351cc7d116c072cb317785dd33b33",
        "type": "github"
      },
      "original": {
        "owner": "edolstra",
        "repo": "flake-compat",
        "type": "github"
      }
    },
    "flake-utils": {
      "inputs": {
        "systems": "systems"
      },
      "locked": {
        "lastModified": 1710146030,
        "narHash": "sha256-SZ5L6eA7HJ/nmkzGG7/ISclqe6oZdOZTNoesiInkXPQ=",
        "owner": "numtide",
        "repo": "flake-utils",
        "rev": "b1d9ab70662946ef0850d488da1c9019f3a9752a",
        "type": "github"
      },
      "original": {
        "owner": "numtide",
        "repo": "flake-utils",
        "type": "github"
      }
    },
    "home-manager": {
      "inputs": {
        "nixpkgs": [
          "nixpkgs"
        ]
      },
      "locked": {
        "lastModified": 1733951536,
        "narHash": "sha256-Zb5ZCa7Xj+0gy5XVXINTSr71fCfAv+IKtmIXNrykT54=",
        "owner": "nix-community",
        "repo": "home-manager",
        "rev": "1318c3f3b068cdcea922fa7c1a0a1f0c96c22f5f",
        "type": "github"
      },
      "original": {
        "owner": "nix-community",
        "ref": "release-24.11",
        "repo": "home-manager",
        "type": "github"
      }
    },
    "nix-ld": {
      "inputs": {
        "nixpkgs": [
          "nixpkgs"
        ]
      },
      "locked": {
        "lastModified": 1733733360,
        "narHash": "sha256-q6pp7uqkAxbsENjJr2U7vPVEoLX0m7ouCTBg/0J5v3g=",
        "owner": "Mic92",
        "repo": "nix-ld",
        "rev": "0c74021f8e3779a68684e893a5fb9a72078d5e18",
        "type": "github"
      },
      "original": {
        "owner": "Mic92",
        "repo": "nix-ld",
        "type": "github"
      }
    },
    "nix-vscode-extensions": {
      "inputs": {
        "flake-compat": "flake-compat",
        "flake-utils": "flake-utils",
        "nixpkgs": "nixpkgs"
      },
      "locked": {
        "lastModified": 1733882180,
        "narHash": "sha256-KiI6gRWYgV4x5le9ETHWVMH5LBX2vGwamELJG/joiC0=",
        "owner": "nix-community",
        "repo": "nix-vscode-extensions",
        "rev": "b5aa69a2b8c0c31e4e8a23f3dd41b474eeabf4fc",
        "type": "github"
      },
      "original": {
        "owner": "nix-community",
        "repo": "nix-vscode-extensions",
        "type": "github"
      }
    },
    "nixpkgs": {
      "locked": {
        "lastModified": 1713805509,
        "narHash": "sha256-YgSEan4CcrjivCNO5ZNzhg7/8ViLkZ4CB/GrGBVSudo=",
        "owner": "NixOS",
        "repo": "nixpkgs",
        "rev": "1e1dc66fe68972a76679644a5577828b6a7e8be4",
        "type": "github"
      },
      "original": {
        "owner": "NixOS",
        "ref": "nixpkgs-unstable",
        "repo": "nixpkgs",
        "type": "github"
      }
    },
    "nixpkgs-unstable": {
      "locked": {
        "lastModified": 1733759999,
        "narHash": "sha256-463SNPWmz46iLzJKRzO3Q2b0Aurff3U1n0nYItxq7jU=",
        "owner": "nixos",
        "repo": "nixpkgs",
        "rev": "a73246e2eef4c6ed172979932bc80e1404ba2d56",
        "type": "github"
      },
      "original": {
        "owner": "nixos",
        "ref": "nixos-unstable",
        "repo": "nixpkgs",
        "type": "github"
      }
    },
    "nixpkgs_2": {
      "locked": {
        "lastModified": 1733808091,
        "narHash": "sha256-KWwINTQelKOoQgrXftxoqxmKFZb9pLVfnRvK270nkVk=",
        "owner": "nixos",
        "repo": "nixpkgs",
        "rev": "a0f3e10d94359665dba45b71b4227b0aeb851f8e",
        "type": "github"
      },
      "original": {
        "owner": "nixos",
        "ref": "nixos-24.11",
        "repo": "nixpkgs",
        "type": "github"
      }
    },
    "root": {
      "inputs": {
        "home-manager": "home-manager",
        "nix-ld": "nix-ld",
        "nix-vscode-extensions": "nix-vscode-extensions",
        "nixpkgs": "nixpkgs_2",
        "nixpkgs-unstable": "nixpkgs-unstable"
      }
    },
    "systems": {
      "locked": {
        "lastModified": 1681028828,
        "narHash": "sha256-Vy1rq5AaRuLzOxct8nz4T6wlgyUR7zLU309k9mBC768=",
        "owner": "nix-systems",
        "repo": "default",
        "rev": "da67096a3b9bf56a91d16901293e51ba5b49a27e",
        "type": "github"
      },
      "original": {
        "owner": "nix-systems",
        "repo": "default",
        "type": "github"
      }
    }
  },
  "root": "root",
  "version": 7
}
